<Solution>
  <Folder Name="/Solution Items/">
    <File Path="Custom.Build.props" />
    <File Path="..\.github\workflows\ci.yml" />
    <File Path="..\.github\workflows\release.yml" />
  </Folder>
  <Project Path="NServiceBus.Extensions.Logging.NLog.AcceptanceTests/NServiceBus.Extensions.Logging.NLog.AcceptanceTests.csproj" />
  <Project Path="NServiceBus.Extensions.Logging.Tests/NServiceBus.Extensions.Logging.Tests.csproj" />
  <Project Path="NServiceBus.Extensions.Logging/NServiceBus.Extensions.Logging.csproj" />
</Solution>